<?xml version="1.0" encoding="utf-8"?>
<Project ToolsVersion="4.0" xmlns="http://schemas.microsoft.com/developer/msbuild/2003">
  <ItemGroup>
    <Filter Include="Source Files">
      <UniqueIdentifier>{4FC737F1-C7A5-4376-A066-2A32D752A2FF}</UniqueIdentifier>
      <Extensions>cpp;c;cc;cxx;def;odl;idl;hpj;bat;asm;asmx</Extensions>
    </Filter>
    <Filter Include="Header Files">
      <UniqueIdentifier>{93995380-89BD-4b04-88EB-625FBE52EBFB}</UniqueIdentifier>
      <Extensions>h;hpp;hxx;hm;inl;inc;xsd</Extensions>
    </Filter>
    <Filter Include="Resource Files">
      <UniqueIdentifier>{67DA6AB6-F800-4c08-8B7A-83BB121AAD01}</UniqueIdentifier>
      <Extensions>rc;ico;cur;bmp;dlg;rc2;rct;bin;rgs;gif;jpg;jpeg;jpe;resx;tiff;tif;png;wav</Extensions>
    </Filter>
    <Filter Include="Blocks">
      <UniqueIdentifier>{A7484DDD-BE61-458D-BBAB-F460F90190F6}</UniqueIdentifier>
    </Filter>
    <Filter Include="Blocks\Awesomium">
      <UniqueIdentifier>{B621A769-579D-4380-BDB3-12749B9A5F8C}</UniqueIdentifier>
    </Filter>
    <Filter Include="Blocks\Awesomium\include">
      <UniqueIdentifier>{9E2483F1-868C-4164-97EA-0F8A556F7A25}</UniqueIdentifier>
    </Filter>
    <Filter Include="Blocks\Awesomium\src">
      <UniqueIdentifier>{0BEA23FC-48C1-4237-AF05-192001B78F36}</UniqueIdentifier>
    </Filter>
    <Filter Include="Blocks\CodeEditor">
      <UniqueIdentifier>{101994BF-3B8E-4A96-BB54-D3407C4DE0AF}</UniqueIdentifier>
    </Filter>
    <Filter Include="Blocks\CodeEditor\include">
      <UniqueIdentifier>{3B756031-9F1E-40FB-961D-97E2AD8B2E32}</UniqueIdentifier>
    </Filter>
    <Filter Include="Blocks\Midi2">
      <UniqueIdentifier>{D4DA6BA6-C8EF-4393-9E6E-AD2ECD22650F}</UniqueIdentifier>
    </Filter>
    <Filter Include="Blocks\Midi2\include">
      <UniqueIdentifier>{277B2F86-2514-41F9-B133-7523B5F42326}</UniqueIdentifier>
    </Filter>
    <Filter Include="Blocks\Midi2\lib">
      <UniqueIdentifier>{D321840B-19BB-479C-B036-6A8D9D321E27}</UniqueIdentifier>
    </Filter>
    <Filter Include="Blocks\Midi2\src">
      <UniqueIdentifier>{2F75664C-A45C-48CB-8B64-0DC5D8B9DB62}</UniqueIdentifier>
    </Filter>
    <Filter Include="Blocks\MinimalUI">
      <UniqueIdentifier>{C8C9D6D6-9849-42B3-A680-798C1A685A33}</UniqueIdentifier>
    </Filter>
    <Filter Include="Blocks\MinimalUI\src">
      <UniqueIdentifier>{E4EA2447-E981-4C6A-9A3A-E040FA4619E8}</UniqueIdentifier>
    </Filter>
    <Filter Include="Blocks\MinimalUI\include">
      <UniqueIdentifier>{27CD1D49-3DFC-4A75-875E-4DD33978B5F6}</UniqueIdentifier>
    </Filter>
    <Filter Include="Blocks\OpenCV">
      <UniqueIdentifier>{B43AC2D4-4C4D-4588-8E53-2DA73E056F7C}</UniqueIdentifier>
    </Filter>
    <Filter Include="Blocks\OpenCV\include">
      <UniqueIdentifier>{BF16E293-3C0A-4BA6-8C81-8E234446AC60}</UniqueIdentifier>
    </Filter>
    <Filter Include="Blocks\Reymenta">
      <UniqueIdentifier>{D2CDE333-707A-4781-BC05-71A40908F5CF}</UniqueIdentifier>
    </Filter>
    <Filter Include="Blocks\Reymenta\include">
      <UniqueIdentifier>{C44EE84A-C85B-4818-AE5E-C524CE210DC0}</UniqueIdentifier>
    </Filter>
    <Filter Include="Blocks\Reymenta\src">
      <UniqueIdentifier>{FA4CF914-98D6-46B3-BBCA-32CF498C5494}</UniqueIdentifier>
    </Filter>
    <Filter Include="Blocks\Warping">
      <UniqueIdentifier>{58059F2B-54E9-408E-9A3E-EC6FCE4EADC3}</UniqueIdentifier>
    </Filter>
    <Filter Include="Blocks\Warping\include">
      <UniqueIdentifier>{87EF18DE-AC4C-4E96-9465-E76D4F88231D}</UniqueIdentifier>
    </Filter>
    <Filter Include="Blocks\Warping\src">
      <UniqueIdentifier>{EAFEF629-6281-425E-A981-A4DFE6131AC7}</UniqueIdentifier>
    </Filter>
    <Filter Include="Blocks\OSC">
      <UniqueIdentifier>{F307FD35-3A9D-46A1-8163-AD83112B7AD2}</UniqueIdentifier>
    </Filter>
    <Filter Include="Blocks\OSC\src">
      <UniqueIdentifier>{76960012-5E92-4C12-A825-297D1B61C03E}</UniqueIdentifier>
    </Filter>
    <Filter Include="Blocks\OSC\src\ip">
      <UniqueIdentifier>{FCB226CD-8EAD-4D67-B961-8CB25F814FF7}</UniqueIdentifier>
    </Filter>
    <Filter Include="Blocks\OSC\src\osc">
      <UniqueIdentifier>{2D8A598F-0CAF-4C5D-9405-6B7143254CE5}</UniqueIdentifier>
    </Filter>
    <Filter Include="Blocks\OSC\src\ip\win32">
      <UniqueIdentifier>{9577E774-1168-4DB2-A55C-D3593FCFE047}</UniqueIdentifier>
    </Filter>
    <Filter Include="Blocks\Cinder-MeshHelper">
      <UniqueIdentifier>{62cdf908-4acd-479c-ba2e-7c06d48e2166}</UniqueIdentifier>
    </Filter>
    <Filter Include="blocks\Cinder-WebSocketPP">
      <UniqueIdentifier>{d45aa58d-7663-478b-a850-b76b7c94338c}</UniqueIdentifier>
    </Filter>
    <Filter Include="blocks\Cinder-WebSocketPP\Source Files">
      <UniqueIdentifier>{83b0192b-62da-4637-93db-f21aab276ec7}</UniqueIdentifier>
    </Filter>
    <Filter Include="blocks\Cinder-WebSocketPP\Header Files">
      <UniqueIdentifier>{e5070996-e109-4c58-a95a-eff56f68723e}</UniqueIdentifier>
    </Filter>
    <Filter Include="blocks\Cinder-WebSocketPP\Header Files\websocketpp">
      <UniqueIdentifier>{31f150cc-14fc-41c4-8349-df80b111a916}</UniqueIdentifier>
    </Filter>
    <Filter Include="blocks\Cinder-WebSocketPP\Header Files\websocketpp\base64">
      <UniqueIdentifier>{38f55d5f-f7fa-4e14-8b3f-dce32c0c212a}</UniqueIdentifier>
    </Filter>
    <Filter Include="blocks\Cinder-WebSocketPP\Header Files\websocketpp\common">
      <UniqueIdentifier>{1b470902-977e-48ea-9186-88d3e563a167}</UniqueIdentifier>
    </Filter>
    <Filter Include="blocks\Cinder-WebSocketPP\Header Files\websocketpp\concurrency">
      <UniqueIdentifier>{fadad6a1-2b1d-4a34-b0c1-b4d952609c6b}</UniqueIdentifier>
    </Filter>
    <Filter Include="blocks\Cinder-WebSocketPP\Header Files\websocketpp\config">
      <UniqueIdentifier>{c46cbe02-6128-4bfe-bfcf-604eee96a4e2}</UniqueIdentifier>
    </Filter>
    <Filter Include="blocks\Cinder-WebSocketPP\Header Files\websocketpp\extensions">
      <UniqueIdentifier>{1445c5e7-1ffc-46b5-8c99-d7f0503f63ac}</UniqueIdentifier>
    </Filter>
    <Filter Include="blocks\Cinder-WebSocketPP\Header Files\websocketpp\http">
      <UniqueIdentifier>{0be83eeb-eec1-438b-98d2-0edd23d31516}</UniqueIdentifier>
    </Filter>
    <Filter Include="blocks\Cinder-WebSocketPP\Header Files\websocketpp\impl">
      <UniqueIdentifier>{393b8001-db86-440d-ba3d-863159064211}</UniqueIdentifier>
    </Filter>
    <Filter Include="blocks\Cinder-WebSocketPP\Header Files\websocketpp\logger">
      <UniqueIdentifier>{27a87e6a-e5c1-41a6-b66d-5b1878d57a3c}</UniqueIdentifier>
    </Filter>
    <Filter Include="blocks\Cinder-WebSocketPP\Header Files\websocketpp\message_buffer">
      <UniqueIdentifier>{8c440dc2-ce7d-4355-81a9-599ade667406}</UniqueIdentifier>
    </Filter>
    <Filter Include="blocks\Cinder-WebSocketPP\Header Files\websocketpp\processors">
      <UniqueIdentifier>{5207199b-e0e2-48cc-97e2-b5a96ab4ede1}</UniqueIdentifier>
    </Filter>
    <Filter Include="blocks\Cinder-WebSocketPP\Header Files\websocketpp\random">
      <UniqueIdentifier>{d3a66fbe-0cdf-4930-9146-ef372e4c64ee}</UniqueIdentifier>
    </Filter>
    <Filter Include="blocks\Cinder-WebSocketPP\Header Files\websocketpp\roles">
      <UniqueIdentifier>{5e24ab24-bb3e-4a66-bb97-7211b2d548e9}</UniqueIdentifier>
    </Filter>
    <Filter Include="blocks\Cinder-WebSocketPP\Header Files\websocketpp\sha1">
      <UniqueIdentifier>{e4858e24-c3fb-4f19-bcdc-4bd94e741c9b}</UniqueIdentifier>
    </Filter>
    <Filter Include="blocks\Cinder-WebSocketPP\Header Files\websocketpp\transport">
      <UniqueIdentifier>{50a3d274-a010-45e4-a2b1-93aefc91e680}</UniqueIdentifier>
    </Filter>
    <Filter Include="blocks\Cinder-WebSocketPP\Header Files\websocketpp\extensions\permessage_deflate">
      <UniqueIdentifier>{3477f10b-d2c0-47ca-9b4f-c4b3a68add10}</UniqueIdentifier>
    </Filter>
    <Filter Include="blocks\Cinder-WebSocketPP\Header Files\websocketpp\http\impl">
      <UniqueIdentifier>{48b3b6ff-4566-4763-a747-f15ca34156c4}</UniqueIdentifier>
    </Filter>
    <Filter Include="blocks\Cinder-WebSocketPP\Header Files\websocketpp\transport\asio">
      <UniqueIdentifier>{37999826-6231-496c-b391-cb321d016df3}</UniqueIdentifier>
    </Filter>
    <Filter Include="blocks\Cinder-WebSocketPP\Header Files\websocketpp\transport\iostream">
      <UniqueIdentifier>{ae567a6c-3951-47ee-8947-d8b30f3ad329}</UniqueIdentifier>
    </Filter>
    <Filter Include="blocks\Cinder-WebSocketPP\Header Files\websocketpp\transport\asio\security">
      <UniqueIdentifier>{29427b76-a7ef-456b-b154-58b6850bbf4f}</UniqueIdentifier>
    </Filter>
    <Filter Include="blocks\Cinder-WebSocketPP\Header Files\websocketpp\transport\base">
      <UniqueIdentifier>{11393b56-c899-4813-b6c9-5cb665375ee5}</UniqueIdentifier>
    </Filter>
  </ItemGroup>
  <ItemGroup>
    <ClInclude Include="..\..\..\blocks\Cinder-WebSocketPP\src\WebSocketClient.h">
      <Filter>blocks\Cinder-WebSocketPP\Header Files</Filter>
    </ClInclude>
    <ClInclude Include="..\..\..\blocks\Cinder-WebSocketPP\src\WebSocketConnection.h">
      <Filter>blocks\Cinder-WebSocketPP\Header Files</Filter>
    </ClInclude>
    <ClInclude Include="..\..\..\blocks\Cinder-WebSocketPP\src\WebSocketServer.h">
      <Filter>blocks\Cinder-WebSocketPP\Header Files</Filter>
    </ClInclude>
    <ClInclude Include="..\..\..\blocks\Cinder-WebSocketPP\src\websocketpp\client.hpp">
      <Filter>blocks\Cinder-WebSocketPP\Header Files\websocketpp</Filter>
    </ClInclude>
    <ClInclude Include="..\..\..\blocks\Cinder-WebSocketPP\src\websocketpp\close.hpp">
      <Filter>blocks\Cinder-WebSocketPP\Header Files\websocketpp</Filter>
    </ClInclude>
    <ClInclude Include="..\..\..\blocks\Cinder-WebSocketPP\src\websocketpp\connection.hpp">
      <Filter>blocks\Cinder-WebSocketPP\Header Files\websocketpp</Filter>
    </ClInclude>
    <ClInclude Include="..\..\..\blocks\Cinder-WebSocketPP\src\websocketpp\connection_base.hpp">
      <Filter>blocks\Cinder-WebSocketPP\Header Files\websocketpp</Filter>
    </ClInclude>
    <ClInclude Include="..\..\..\blocks\Cinder-WebSocketPP\src\websocketpp\endpoint.hpp">
      <Filter>blocks\Cinder-WebSocketPP\Header Files\websocketpp</Filter>
    </ClInclude>
    <ClInclude Include="..\..\..\blocks\Cinder-WebSocketPP\src\websocketpp\endpoint_base.hpp">
      <Filter>blocks\Cinder-WebSocketPP\Header Files\websocketpp</Filter>
    </ClInclude>
    <ClInclude Include="..\..\..\blocks\Cinder-WebSocketPP\src\websocketpp\error.hpp">
      <Filter>blocks\Cinder-WebSocketPP\Header Files\websocketpp</Filter>
    </ClInclude>
    <ClInclude Include="..\..\..\blocks\Cinder-WebSocketPP\src\websocketpp\error_container.hpp">
      <Filter>blocks\Cinder-WebSocketPP\Header Files\websocketpp</Filter>
    </ClInclude>
    <ClInclude Include="..\..\..\blocks\Cinder-WebSocketPP\src\websocketpp\frame.hpp">
      <Filter>blocks\Cinder-WebSocketPP\Header Files\websocketpp</Filter>
    </ClInclude>
    <ClInclude Include="..\..\..\blocks\Cinder-Reymenta\include\WebSocketsWrapper.h">
      <Filter>Blocks\Reymenta\include</Filter>
    </ClInclude>
    <ClInclude Include="..\..\..\blocks\Cinder-WebSocketPP\src\websocketpp\base64\base64.hpp">
      <Filter>blocks\Cinder-WebSocketPP\Header Files\websocketpp\base64</Filter>
    </ClInclude>
    <ClInclude Include="..\..\..\blocks\Cinder-WebSocketPP\src\websocketpp\common\chrono.hpp">
      <Filter>blocks\Cinder-WebSocketPP\Header Files\websocketpp\common</Filter>
    </ClInclude>
    <ClInclude Include="..\..\..\blocks\Cinder-WebSocketPP\src\websocketpp\common\connection_hdl.hpp">
      <Filter>blocks\Cinder-WebSocketPP\Header Files\websocketpp\common</Filter>
    </ClInclude>
    <ClInclude Include="..\..\..\blocks\Cinder-WebSocketPP\src\websocketpp\common\cpp11.hpp">
      <Filter>blocks\Cinder-WebSocketPP\Header Files\websocketpp\common</Filter>
    </ClInclude>
    <ClInclude Include="..\..\..\blocks\Cinder-WebSocketPP\src\websocketpp\common\functional.hpp">
      <Filter>blocks\Cinder-WebSocketPP\Header Files\websocketpp\common</Filter>
    </ClInclude>
    <ClInclude Include="..\..\..\blocks\Cinder-WebSocketPP\src\websocketpp\common\md5.hpp">
      <Filter>blocks\Cinder-WebSocketPP\Header Files\websocketpp\common</Filter>
    </ClInclude>
    <ClInclude Include="..\..\..\blocks\Cinder-WebSocketPP\src\websocketpp\common\memory.hpp">
      <Filter>blocks\Cinder-WebSocketPP\Header Files\websocketpp\common</Filter>
    </ClInclude>
    <ClInclude Include="..\..\..\blocks\Cinder-WebSocketPP\src\websocketpp\common\network.hpp">
      <Filter>blocks\Cinder-WebSocketPP\Header Files\websocketpp\common</Filter>
    </ClInclude>
    <ClInclude Include="..\..\..\blocks\Cinder-WebSocketPP\src\websocketpp\common\platforms.hpp">
      <Filter>blocks\Cinder-WebSocketPP\Header Files\websocketpp\common</Filter>
    </ClInclude>
    <ClInclude Include="..\..\..\blocks\Cinder-WebSocketPP\src\websocketpp\common\random.hpp">
      <Filter>blocks\Cinder-WebSocketPP\Header Files\websocketpp\common</Filter>
    </ClInclude>
    <ClInclude Include="..\..\..\blocks\Cinder-WebSocketPP\src\websocketpp\common\regex.hpp">
      <Filter>blocks\Cinder-WebSocketPP\Header Files\websocketpp\common</Filter>
    </ClInclude>
    <ClInclude Include="..\..\..\blocks\Cinder-WebSocketPP\src\websocketpp\common\stdint.hpp">
      <Filter>blocks\Cinder-WebSocketPP\Header Files\websocketpp\common</Filter>
    </ClInclude>
    <ClInclude Include="..\..\..\blocks\Cinder-WebSocketPP\src\websocketpp\common\system_error.hpp">
      <Filter>blocks\Cinder-WebSocketPP\Header Files\websocketpp\common</Filter>
    </ClInclude>
    <ClInclude Include="..\..\..\blocks\Cinder-WebSocketPP\src\websocketpp\common\thread.hpp">
      <Filter>blocks\Cinder-WebSocketPP\Header Files\websocketpp\common</Filter>
    </ClInclude>
    <ClInclude Include="..\..\..\blocks\Cinder-WebSocketPP\src\websocketpp\config\asio.hpp">
      <Filter>blocks\Cinder-WebSocketPP\Header Files\websocketpp\config</Filter>
    </ClInclude>
    <ClInclude Include="..\..\..\blocks\Cinder-WebSocketPP\src\websocketpp\config\asio_client.hpp">
      <Filter>blocks\Cinder-WebSocketPP\Header Files\websocketpp\config</Filter>
    </ClInclude>
    <ClInclude Include="..\..\..\blocks\Cinder-WebSocketPP\src\websocketpp\config\asio_no_tls.hpp">
      <Filter>blocks\Cinder-WebSocketPP\Header Files\websocketpp\config</Filter>
    </ClInclude>
    <ClInclude Include="..\..\..\blocks\Cinder-WebSocketPP\src\websocketpp\config\asio_no_tls_client.hpp">
      <Filter>blocks\Cinder-WebSocketPP\Header Files\websocketpp\config</Filter>
    </ClInclude>
    <ClInclude Include="..\..\..\blocks\Cinder-WebSocketPP\src\websocketpp\config\boost_config.hpp">
      <Filter>blocks\Cinder-WebSocketPP\Header Files\websocketpp\config</Filter>
    </ClInclude>
    <ClInclude Include="..\..\..\blocks\Cinder-WebSocketPP\src\websocketpp\config\core.hpp">
      <Filter>blocks\Cinder-WebSocketPP\Header Files\websocketpp\config</Filter>
    </ClInclude>
    <ClInclude Include="..\..\..\blocks\Cinder-WebSocketPP\src\websocketpp\config\core_client.hpp">
      <Filter>blocks\Cinder-WebSocketPP\Header Files\websocketpp\config</Filter>
    </ClInclude>
    <ClInclude Include="..\..\..\blocks\Cinder-WebSocketPP\src\websocketpp\config\debug.hpp">
      <Filter>blocks\Cinder-WebSocketPP\Header Files\websocketpp\config</Filter>
    </ClInclude>
    <ClInclude Include="..\..\..\blocks\Cinder-WebSocketPP\src\websocketpp\config\debug_asio.hpp">
      <Filter>blocks\Cinder-WebSocketPP\Header Files\websocketpp\config</Filter>
    </ClInclude>
    <ClInclude Include="..\..\..\blocks\Cinder-WebSocketPP\src\websocketpp\config\debug_asio_no_tls.hpp">
      <Filter>blocks\Cinder-WebSocketPP\Header Files\websocketpp\config</Filter>
    </ClInclude>
    <ClInclude Include="..\..\..\blocks\Cinder-WebSocketPP\src\websocketpp\extensions\extension.hpp">
      <Filter>blocks\Cinder-WebSocketPP\Header Files\websocketpp\extensions</Filter>
    </ClInclude>
    <ClInclude Include="..\..\..\blocks\Cinder-WebSocketPP\src\websocketpp\extensions\permessage_deflate\disabled.hpp">
      <Filter>blocks\Cinder-WebSocketPP\Header Files\websocketpp\extensions\permessage_deflate</Filter>
    </ClInclude>
    <ClInclude Include="..\..\..\blocks\Cinder-WebSocketPP\src\websocketpp\extensions\permessage_deflate\enabled.hpp">
      <Filter>blocks\Cinder-WebSocketPP\Header Files\websocketpp\extensions\permessage_deflate</Filter>
    </ClInclude>
    <ClInclude Include="..\..\..\blocks\Cinder-WebSocketPP\src\websocketpp\http\constants.hpp">
      <Filter>blocks\Cinder-WebSocketPP\Header Files\websocketpp\http</Filter>
    </ClInclude>
    <ClInclude Include="..\..\..\blocks\Cinder-WebSocketPP\src\websocketpp\http\impl\parser.hpp">
      <Filter>blocks\Cinder-WebSocketPP\Header Files\websocketpp\http\impl</Filter>
    </ClInclude>
    <ClInclude Include="..\..\..\blocks\Cinder-WebSocketPP\src\websocketpp\http\impl\request.hpp">
      <Filter>blocks\Cinder-WebSocketPP\Header Files\websocketpp\http\impl</Filter>
    </ClInclude>
    <ClInclude Include="..\..\..\blocks\Cinder-WebSocketPP\src\websocketpp\http\request.hpp">
      <Filter>blocks\Cinder-WebSocketPP\Header Files\websocketpp\http</Filter>
    </ClInclude>
    <ClInclude Include="..\..\..\blocks\Cinder-WebSocketPP\src\websocketpp\http\impl\response.hpp">
      <Filter>blocks\Cinder-WebSocketPP\Header Files\websocketpp\http\impl</Filter>
    </ClInclude>
    <ClInclude Include="..\..\..\blocks\Cinder-WebSocketPP\src\websocketpp\http\response.hpp">
      <Filter>blocks\Cinder-WebSocketPP\Header Files\websocketpp\http</Filter>
    </ClInclude>
    <ClInclude Include="..\..\..\blocks\Cinder-WebSocketPP\src\websocketpp\http\parser.hpp">
      <Filter>blocks\Cinder-WebSocketPP\Header Files\websocketpp\http</Filter>
    </ClInclude>
    <ClInclude Include="..\..\..\blocks\Cinder-WebSocketPP\src\websocketpp\impl\connection_impl.hpp">
      <Filter>blocks\Cinder-WebSocketPP\Header Files\websocketpp\impl</Filter>
    </ClInclude>
    <ClInclude Include="..\..\..\blocks\Cinder-WebSocketPP\src\websocketpp\impl\endpoint_impl.hpp">
      <Filter>blocks\Cinder-WebSocketPP\Header Files\websocketpp\impl</Filter>
    </ClInclude>
    <ClInclude Include="..\..\..\blocks\Cinder-WebSocketPP\src\websocketpp\impl\utilities_impl.hpp">
      <Filter>blocks\Cinder-WebSocketPP\Header Files\websocketpp\impl</Filter>
    </ClInclude>
    <ClInclude Include="..\..\..\blocks\Cinder-WebSocketPP\src\websocketpp\logger\basic.hpp">
      <Filter>blocks\Cinder-WebSocketPP\Header Files\websocketpp\logger</Filter>
    </ClInclude>
    <ClInclude Include="..\..\..\blocks\Cinder-WebSocketPP\src\websocketpp\logger\levels.hpp">
      <Filter>blocks\Cinder-WebSocketPP\Header Files\websocketpp\logger</Filter>
    </ClInclude>
    <ClInclude Include="..\..\..\blocks\Cinder-WebSocketPP\src\websocketpp\logger\stub.hpp">
      <Filter>blocks\Cinder-WebSocketPP\Header Files\websocketpp\logger</Filter>
    </ClInclude>
    <ClInclude Include="..\..\..\blocks\Cinder-WebSocketPP\src\websocketpp\message_buffer\alloc.hpp">
      <Filter>blocks\Cinder-WebSocketPP\Header Files\websocketpp\message_buffer</Filter>
    </ClInclude>
    <ClInclude Include="..\..\..\blocks\Cinder-WebSocketPP\src\websocketpp\message_buffer\message.hpp">
      <Filter>blocks\Cinder-WebSocketPP\Header Files\websocketpp\message_buffer</Filter>
    </ClInclude>
    <ClInclude Include="..\..\..\blocks\Cinder-WebSocketPP\src\websocketpp\message_buffer\pool.hpp">
      <Filter>blocks\Cinder-WebSocketPP\Header Files\websocketpp\message_buffer</Filter>
    </ClInclude>
    <ClInclude Include="..\..\..\blocks\Cinder-WebSocketPP\src\websocketpp\processors\base.hpp">
      <Filter>blocks\Cinder-WebSocketPP\Header Files\websocketpp\processors</Filter>
    </ClInclude>
    <ClInclude Include="..\..\..\blocks\Cinder-WebSocketPP\src\websocketpp\processors\hybi00.hpp">
      <Filter>blocks\Cinder-WebSocketPP\Header Files\websocketpp\processors</Filter>
    </ClInclude>
    <ClInclude Include="..\..\..\blocks\Cinder-WebSocketPP\src\websocketpp\processors\hybi07.hpp">
      <Filter>blocks\Cinder-WebSocketPP\Header Files\websocketpp\processors</Filter>
    </ClInclude>
    <ClInclude Include="..\..\..\blocks\Cinder-WebSocketPP\src\websocketpp\processors\hybi08.hpp">
      <Filter>blocks\Cinder-WebSocketPP\Header Files\websocketpp\processors</Filter>
    </ClInclude>
    <ClInclude Include="..\..\..\blocks\Cinder-WebSocketPP\src\websocketpp\processors\hybi13.hpp">
      <Filter>blocks\Cinder-WebSocketPP\Header Files\websocketpp\processors</Filter>
    </ClInclude>
    <ClInclude Include="..\..\..\blocks\Cinder-WebSocketPP\src\websocketpp\processors\processor.hpp">
      <Filter>blocks\Cinder-WebSocketPP\Header Files\websocketpp\processors</Filter>
    </ClInclude>
    <ClInclude Include="..\..\..\blocks\Cinder-WebSocketPP\src\websocketpp\random\none.hpp">
      <Filter>blocks\Cinder-WebSocketPP\Header Files\websocketpp\random</Filter>
    </ClInclude>
    <ClInclude Include="..\..\..\blocks\Cinder-WebSocketPP\src\websocketpp\random\random_device.hpp">
      <Filter>blocks\Cinder-WebSocketPP\Header Files\websocketpp\random</Filter>
    </ClInclude>
    <ClInclude Include="..\..\..\blocks\Cinder-WebSocketPP\src\websocketpp\roles\client_endpoint.hpp">
      <Filter>blocks\Cinder-WebSocketPP\Header Files\websocketpp\roles</Filter>
    </ClInclude>
    <ClInclude Include="..\..\..\blocks\Cinder-WebSocketPP\src\websocketpp\roles\server_endpoint.hpp">
      <Filter>blocks\Cinder-WebSocketPP\Header Files\websocketpp\roles</Filter>
    </ClInclude>
    <ClInclude Include="..\..\..\blocks\Cinder-WebSocketPP\src\websocketpp\sha1\sha1.hpp">
      <Filter>blocks\Cinder-WebSocketPP\Header Files\websocketpp\sha1</Filter>
    </ClInclude>
    <ClInclude Include="..\..\..\blocks\Cinder-WebSocketPP\src\websocketpp\transport\asio\security\base.hpp">
      <Filter>blocks\Cinder-WebSocketPP\Header Files\websocketpp\transport\asio\security</Filter>
    </ClInclude>
    <ClInclude Include="..\..\..\blocks\Cinder-WebSocketPP\src\websocketpp\transport\asio\security\none.hpp">
      <Filter>blocks\Cinder-WebSocketPP\Header Files\websocketpp\transport\asio\security</Filter>
    </ClInclude>
    <ClInclude Include="..\..\..\blocks\Cinder-WebSocketPP\src\websocketpp\transport\asio\security\tls.hpp">
      <Filter>blocks\Cinder-WebSocketPP\Header Files\websocketpp\transport\asio\security</Filter>
    </ClInclude>
    <ClInclude Include="..\..\..\blocks\Cinder-WebSocketPP\src\websocketpp\transport\asio\base.hpp">
      <Filter>blocks\Cinder-WebSocketPP\Header Files\websocketpp\transport\asio</Filter>
    </ClInclude>
    <ClInclude Include="..\..\..\blocks\Cinder-WebSocketPP\src\websocketpp\transport\asio\connection.hpp">
      <Filter>blocks\Cinder-WebSocketPP\Header Files\websocketpp\transport\asio</Filter>
    </ClInclude>
    <ClInclude Include="..\..\..\blocks\Cinder-WebSocketPP\src\websocketpp\transport\asio\endpoint.hpp">
      <Filter>blocks\Cinder-WebSocketPP\Header Files\websocketpp\transport\asio</Filter>
    </ClInclude>
    <ClInclude Include="..\..\..\blocks\Cinder-WebSocketPP\src\websocketpp\transport\base\connection.hpp">
      <Filter>blocks\Cinder-WebSocketPP\Header Files\websocketpp\transport\base</Filter>
    </ClInclude>
    <ClInclude Include="..\..\..\blocks\Cinder-WebSocketPP\src\websocketpp\transport\base\endpoint.hpp">
      <Filter>blocks\Cinder-WebSocketPP\Header Files\websocketpp\transport\base</Filter>
    </ClInclude>
    <ClInclude Include="..\..\..\blocks\Cinder-WebSocketPP\src\websocketpp\transport\iostream\base.hpp">
      <Filter>blocks\Cinder-WebSocketPP\Header Files\websocketpp\transport\iostream</Filter>
    </ClInclude>
    <ClInclude Include="..\..\..\blocks\Cinder-WebSocketPP\src\websocketpp\transport\iostream\connection.hpp">
      <Filter>blocks\Cinder-WebSocketPP\Header Files\websocketpp\transport\iostream</Filter>
    </ClInclude>
    <ClInclude Include="..\..\..\blocks\Cinder-WebSocketPP\src\websocketpp\transport\iostream\endpoint.hpp">
      <Filter>blocks\Cinder-WebSocketPP\Header Files\websocketpp\transport\iostream</Filter>
    </ClInclude>
    <ClInclude Include="..\..\..\blocks\Cinder-WebSocketPP\src\websocketpp\concurrency\basic.hpp">
      <Filter>blocks\Cinder-WebSocketPP\Header Files\websocketpp\concurrency</Filter>
    </ClInclude>
    <ClInclude Include="..\..\..\blocks\Cinder-WebSocketPP\src\websocketpp\concurrency\none.hpp">
      <Filter>blocks\Cinder-WebSocketPP\Header Files\websocketpp\concurrency</Filter>
    </ClInclude>
    <ClInclude Include="..\..\..\blocks\Cinder-WebSocketPP\src\websocketpp\server.hpp">
      <Filter>blocks\Cinder-WebSocketPP\Header Files\websocketpp</Filter>
    </ClInclude>
    <ClInclude Include="..\..\..\blocks\Cinder-WebSocketPP\src\websocketpp\uri.hpp">
      <Filter>blocks\Cinder-WebSocketPP\Header Files\websocketpp</Filter>
    </ClInclude>
    <ClInclude Include="..\..\..\blocks\Cinder-WebSocketPP\src\websocketpp\utf8_validator.hpp">
      <Filter>blocks\Cinder-WebSocketPP\Header Files\websocketpp</Filter>
    </ClInclude>
    <ClInclude Include="..\..\..\blocks\Cinder-WebSocketPP\src\websocketpp\utilities.hpp">
      <Filter>blocks\Cinder-WebSocketPP\Header Files\websocketpp</Filter>
    </ClInclude>
    <ClInclude Include="..\..\..\blocks\Cinder-WebSocketPP\src\websocketpp\version.hpp">
      <Filter>blocks\Cinder-WebSocketPP\Header Files\websocketpp</Filter>
    </ClInclude>
    <ClInclude Include="..\..\..\blocks\Cinder-Reymenta\include\JSONWrapper.h">
      <Filter>Blocks\Reymenta\include</Filter>
    </ClInclude>
  </ItemGroup>
  <ItemGroup>
    <ClCompile Include="..\src\ReymentaShadaMixaApp.cpp">
      <Filter>Source Files</Filter>
    </ClCompile>
    <ClInclude Include="..\include\Resources.h">
      <Filter>Header Files</Filter>
    </ClInclude>
    <ClCompile Include="..\src\ReymentaShadaMixaApp.cpp">
      <Filter>Source Files</Filter>
    </ClCompile>
    <ClInclude Include="..\..\..\blocks\Cinder-Awesomium\include\CinderAwesomium.h">
      <Filter>Blocks\Awesomium\include</Filter>
    </ClInclude>
    <ClCompile Include="..\..\..\blocks\Cinder-Awesomium\src\CinderAwesomium.cpp">
      <Filter>Blocks\Awesomium\src</Filter>
    </ClCompile>
    <ClInclude Include="..\..\..\blocks\Cinder-CodeEditor\include\CodeEditor.h">
      <Filter>Blocks\CodeEditor\include</Filter>
    </ClInclude>
    <ClCompile Include="..\..\..\blocks\Cinder-CodeEditor\include\CodeEditor.cpp">
      <Filter>Blocks\CodeEditor\include</Filter>
    </ClCompile>
    <ClInclude Include="..\..\..\blocks\Cinder-MIDI2\include\MidiConstants.h">
      <Filter>Blocks\Midi2\include</Filter>
    </ClInclude>
    <ClInclude Include="..\..\..\blocks\Cinder-MIDI2\include\MidiExceptions.h">
      <Filter>Blocks\Midi2\include</Filter>
    </ClInclude>
    <ClInclude Include="..\..\..\blocks\Cinder-MIDI2\include\MidiHeaders.h">
      <Filter>Blocks\Midi2\include</Filter>
    </ClInclude>
    <ClInclude Include="..\..\..\blocks\Cinder-MIDI2\include\MidiHub.h">
      <Filter>Blocks\Midi2\include</Filter>
    </ClInclude>
    <ClInclude Include="..\..\..\blocks\Cinder-MIDI2\include\MidiIn.h">
      <Filter>Blocks\Midi2\include</Filter>
    </ClInclude>
    <ClInclude Include="..\..\..\blocks\Cinder-MIDI2\include\MidiMessage.h">
      <Filter>Blocks\Midi2\include</Filter>
    </ClInclude>
    <ClInclude Include="..\..\..\blocks\Cinder-MIDI2\include\MidiOut.h">
      <Filter>Blocks\Midi2\include</Filter>
    </ClInclude>
    <ClInclude Include="..\..\..\blocks\Cinder-MIDI2\lib\RtError.h">
      <Filter>Blocks\Midi2\lib</Filter>
    </ClInclude>
    <ClInclude Include="..\..\..\blocks\Cinder-MIDI2\lib\RtMidi.h">
      <Filter>Blocks\Midi2\lib</Filter>
    </ClInclude>
    <ClCompile Include="..\..\..\blocks\Cinder-MIDI2\src\MidiHub.cpp">
      <Filter>Blocks\Midi2\src</Filter>
    </ClCompile>
    <ClCompile Include="..\..\..\blocks\Cinder-MIDI2\src\MidiIn.cpp">
      <Filter>Blocks\Midi2\src</Filter>
    </ClCompile>
    <ClCompile Include="..\..\..\blocks\Cinder-MIDI2\src\MidiMessage.cpp">
      <Filter>Blocks\Midi2\src</Filter>
    </ClCompile>
    <ClCompile Include="..\..\..\blocks\Cinder-MIDI2\src\MidiOut.cpp">
      <Filter>Blocks\Midi2\src</Filter>
    </ClCompile>
    <ClCompile Include="..\..\..\blocks\Cinder-MIDI2\lib\RtMidi.cpp">
      <Filter>Blocks\Midi2\lib</Filter>
    </ClCompile>
    <ClCompile Include="..\..\..\blocks\Cinder-MinimalUI\src\Button.cpp">
      <Filter>Blocks\MinimalUI\src</Filter>
    </ClCompile>
    <ClInclude Include="..\..\..\blocks\Cinder-MinimalUI\include\Button.h">
      <Filter>Blocks\MinimalUI\include</Filter>
    </ClInclude>
    <ClCompile Include="..\..\..\blocks\Cinder-MinimalUI\src\Label.cpp">
      <Filter>Blocks\MinimalUI\src</Filter>
    </ClCompile>
    <ClInclude Include="..\..\..\blocks\Cinder-MinimalUI\include\Label.h">
      <Filter>Blocks\MinimalUI\include</Filter>
    </ClInclude>
    <ClCompile Include="..\..\..\blocks\Cinder-MinimalUI\src\Slider.cpp">
      <Filter>Blocks\MinimalUI\src</Filter>
    </ClCompile>
    <ClInclude Include="..\..\..\blocks\Cinder-MinimalUI\include\Slider.h">
      <Filter>Blocks\MinimalUI\include</Filter>
    </ClInclude>
    <ClCompile Include="..\..\..\blocks\Cinder-MinimalUI\src\Graph.cpp">
      <Filter>Blocks\MinimalUI\src</Filter>
    </ClCompile>
    <ClInclude Include="..\..\..\blocks\Cinder-MinimalUI\include\Graph.h">
      <Filter>Blocks\MinimalUI\include</Filter>
    </ClInclude>
    <ClCompile Include="..\..\..\blocks\Cinder-MinimalUI\src\Image.cpp">
      <Filter>Blocks\MinimalUI\src</Filter>
    </ClCompile>
    <ClInclude Include="..\..\..\blocks\Cinder-MinimalUI\include\Image.h">
      <Filter>Blocks\MinimalUI\include</Filter>
    </ClInclude>
    <ClCompile Include="..\..\..\blocks\Cinder-MinimalUI\src\UIController.cpp">
      <Filter>Blocks\MinimalUI\src</Filter>
    </ClCompile>
    <ClInclude Include="..\..\..\blocks\Cinder-MinimalUI\include\UIController.h">
      <Filter>Blocks\MinimalUI\include</Filter>
    </ClInclude>
    <ClCompile Include="..\..\..\blocks\Cinder-MinimalUI\src\UIElement.cpp">
      <Filter>Blocks\MinimalUI\src</Filter>
    </ClCompile>
    <ClInclude Include="..\..\..\blocks\Cinder-MinimalUI\include\UIElement.h">
      <Filter>Blocks\MinimalUI\include</Filter>
    </ClInclude>
    <ClInclude Include="..\..\..\blocks\Cinder-Reymenta\include\AudioWrapper.h">
      <Filter>Blocks\Reymenta\include</Filter>
    </ClInclude>
    <ClInclude Include="..\..\..\blocks\Cinder-Reymenta\include\Batchass.h">
      <Filter>Blocks\Reymenta\include</Filter>
    </ClInclude>
    <ClInclude Include="..\..\..\blocks\Cinder-Reymenta\include\Logger.h">
      <Filter>Blocks\Reymenta\include</Filter>
    </ClInclude>
    <ClInclude Include="..\..\..\blocks\Cinder-Reymenta\include\OSCWrapper.h">
      <Filter>Blocks\Reymenta\include</Filter>
    </ClInclude>
    <ClInclude Include="..\..\..\blocks\Cinder-Reymenta\include\ParameterBag.h">
      <Filter>Blocks\Reymenta\include</Filter>
    </ClInclude>
    <ClInclude Include="..\..\..\blocks\Cinder-Reymenta\include\Shaders.h">
      <Filter>Blocks\Reymenta\include</Filter>
    </ClInclude>
    <ClInclude Include="..\..\..\blocks\Cinder-Reymenta\include\Textures.h">
      <Filter>Blocks\Reymenta\include</Filter>
    </ClInclude>
    <ClInclude Include="..\..\..\blocks\Cinder-Reymenta\include\Watchdog.h">
      <Filter>Blocks\Reymenta\include</Filter>
    </ClInclude>
    <ClCompile Include="..\..\..\blocks\Cinder-Reymenta\src\AudioWrapper.cpp">
      <Filter>Blocks\Reymenta\src</Filter>
    </ClCompile>
    <ClCompile Include="..\..\..\blocks\Cinder-Reymenta\src\Batchass.cpp">
      <Filter>Blocks\Reymenta\src</Filter>
    </ClCompile>
    <ClCompile Include="..\..\..\blocks\Cinder-Reymenta\src\Logger.cpp">
      <Filter>Blocks\Reymenta\src</Filter>
    </ClCompile>
    <ClCompile Include="..\..\..\blocks\Cinder-Reymenta\src\OSCWrapper.cpp">
      <Filter>Blocks\Reymenta\src</Filter>
    </ClCompile>
    <ClCompile Include="..\..\..\blocks\Cinder-Reymenta\src\ParameterBag.cpp">
      <Filter>Blocks\Reymenta\src</Filter>
    </ClCompile>
    <ClCompile Include="..\..\..\blocks\Cinder-Reymenta\src\Shaders.cpp">
      <Filter>Blocks\Reymenta\src</Filter>
    </ClCompile>
    <ClCompile Include="..\..\..\blocks\Cinder-Reymenta\src\Textures.cpp">
      <Filter>Blocks\Reymenta\src</Filter>
    </ClCompile>
    <ClInclude Include="..\..\..\blocks\Cinder-Warping\include\Warp.h">
      <Filter>Blocks\Warping\include</Filter>
    </ClInclude>
    <ClInclude Include="..\..\..\blocks\Cinder-Warping\include\WarpBilinear.h">
      <Filter>Blocks\Warping\include</Filter>
    </ClInclude>
    <ClInclude Include="..\..\..\blocks\Cinder-Warping\include\WarpPerspective.h">
      <Filter>Blocks\Warping\include</Filter>
    </ClInclude>
    <ClInclude Include="..\..\..\blocks\Cinder-Warping\include\WarpPerspectiveBilinear.h">
      <Filter>Blocks\Warping\include</Filter>
    </ClInclude>
    <ClCompile Include="..\..\..\blocks\Cinder-Warping\src\Warp.cpp">
      <Filter>Blocks\Warping\src</Filter>
    </ClCompile>
    <ClCompile Include="..\..\..\blocks\Cinder-Warping\src\WarpBilinear.cpp">
      <Filter>Blocks\Warping\src</Filter>
    </ClCompile>
    <ClCompile Include="..\..\..\blocks\Cinder-Warping\src\WarpPerspective.cpp">
      <Filter>Blocks\Warping\src</Filter>
    </ClCompile>
    <ClCompile Include="..\..\..\blocks\Cinder-Warping\src\WarpPerspectiveBilinear.cpp">
      <Filter>Blocks\Warping\src</Filter>
    </ClCompile>
    <ClInclude Include="..\..\..\blocks\OpenCV\include\CinderOpenCV.h">
      <Filter>Blocks\OpenCV\include</Filter>
    </ClInclude>
    <ClCompile Include="..\..\..\blocks\OSC\src\OscBundle.cpp">
      <Filter>Blocks\OSC\src</Filter>
    </ClCompile>
    <ClCompile Include="..\..\..\blocks\OSC\src\OscListener.cpp">
      <Filter>Blocks\OSC\src</Filter>
    </ClCompile>
    <ClCompile Include="..\..\..\blocks\OSC\src\OscMessage.cpp">
      <Filter>Blocks\OSC\src</Filter>
    </ClCompile>
    <ClCompile Include="..\..\..\blocks\OSC\src\OscSender.cpp">
      <Filter>Blocks\OSC\src</Filter>
    </ClCompile>
    <ClCompile Include="..\..\..\blocks\OSC\src\ip\IpEndpointName.cpp">
      <Filter>Blocks\OSC\src\ip</Filter>
    </ClCompile>
    <ClCompile Include="..\..\..\blocks\OSC\src\osc\OscOutboundPacketStream.cpp">
      <Filter>Blocks\OSC\src\osc</Filter>
    </ClCompile>
    <ClCompile Include="..\..\..\blocks\OSC\src\osc\OscPrintReceivedElements.cpp">
      <Filter>Blocks\OSC\src\osc</Filter>
    </ClCompile>
    <ClCompile Include="..\..\..\blocks\OSC\src\osc\OscReceivedElements.cpp">
      <Filter>Blocks\OSC\src\osc</Filter>
    </ClCompile>
    <ClCompile Include="..\..\..\blocks\OSC\src\osc\OscTypes.cpp">
      <Filter>Blocks\OSC\src\osc</Filter>
    </ClCompile>
    <ClInclude Include="..\..\..\blocks\OSC\src\OscArg.h">
      <Filter>Blocks\OSC\src</Filter>
    </ClInclude>
    <ClInclude Include="..\..\..\blocks\OSC\src\OscBundle.h">
      <Filter>Blocks\OSC\src</Filter>
    </ClInclude>
    <ClInclude Include="..\..\..\blocks\OSC\src\OscListener.h">
      <Filter>Blocks\OSC\src</Filter>
    </ClInclude>
    <ClInclude Include="..\..\..\blocks\OSC\src\OscMessage.h">
      <Filter>Blocks\OSC\src</Filter>
    </ClInclude>
    <ClInclude Include="..\..\..\blocks\OSC\src\OscSender.h">
      <Filter>Blocks\OSC\src</Filter>
    </ClInclude>
    <ClInclude Include="..\..\..\blocks\OSC\src\ip\IpEndpointName.h">
      <Filter>Blocks\OSC\src\ip</Filter>
    </ClInclude>
    <ClInclude Include="..\..\..\blocks\OSC\src\ip\NetworkingUtils.h">
      <Filter>Blocks\OSC\src\ip</Filter>
    </ClInclude>
    <ClInclude Include="..\..\..\blocks\OSC\src\ip\PacketListener.h">
      <Filter>Blocks\OSC\src\ip</Filter>
    </ClInclude>
    <ClInclude Include="..\..\..\blocks\OSC\src\ip\TimerListener.h">
      <Filter>Blocks\OSC\src\ip</Filter>
    </ClInclude>
    <ClInclude Include="..\..\..\blocks\OSC\src\ip\UdpSocket.h">
      <Filter>Blocks\OSC\src\ip</Filter>
    </ClInclude>
    <ClInclude Include="..\..\..\blocks\OSC\src\osc\MessageMappingOscPacketListener.h">
      <Filter>Blocks\OSC\src\osc</Filter>
    </ClInclude>
    <ClInclude Include="..\..\..\blocks\OSC\src\osc\OscException.h">
      <Filter>Blocks\OSC\src\osc</Filter>
    </ClInclude>
    <ClInclude Include="..\..\..\blocks\OSC\src\osc\OscHostEndianness.h">
      <Filter>Blocks\OSC\src\osc</Filter>
    </ClInclude>
    <ClInclude Include="..\..\..\blocks\OSC\src\osc\OscOutboundPacketStream.h">
      <Filter>Blocks\OSC\src\osc</Filter>
    </ClInclude>
    <ClInclude Include="..\..\..\blocks\OSC\src\osc\OscPacketListener.h">
      <Filter>Blocks\OSC\src\osc</Filter>
    </ClInclude>
    <ClInclude Include="..\..\..\blocks\OSC\src\osc\OscPrintReceivedElements.h">
      <Filter>Blocks\OSC\src\osc</Filter>
    </ClInclude>
    <ClInclude Include="..\..\..\blocks\OSC\src\osc\OscReceivedElements.h">
      <Filter>Blocks\OSC\src\osc</Filter>
    </ClInclude>
    <ClInclude Include="..\..\..\blocks\OSC\src\osc\OscTypes.h">
      <Filter>Blocks\OSC\src\osc</Filter>
    </ClInclude>
    <ClCompile Include="..\..\..\blocks\OSC\src\ip\win32\NetworkingUtils.cpp">
      <Filter>Blocks\OSC\src\ip\win32</Filter>
    </ClCompile>
    <ClCompile Include="..\..\..\blocks\OSC\src\ip\win32\UdpSocket.cpp">
      <Filter>Blocks\OSC\src\ip\win32</Filter>
    </ClCompile>
    <ClCompile Include="..\src\ChannelsPanel.cpp">
      <Filter>Source Files</Filter>
    </ClCompile>
    <ClCompile Include="..\src\UI.cpp">
      <Filter>Source Files</Filter>
    </ClCompile>
    <ClCompile Include="..\src\WarpWrapper.cpp">
      <Filter>Source Files</Filter>
    </ClCompile>
    <ClCompile Include="..\src\Meshes.cpp">
      <Filter>Source Files</Filter>
    </ClCompile>
    <ClCompile Include="..\src\PointSphere.cpp">
      <Filter>Source Files</Filter>
    </ClCompile>
    <ClCompile Include="..\src\SlidersPanel.cpp">
      <Filter>Source Files</Filter>
    </ClCompile>
    <ClCompile Include="..\src\OutputPanel.cpp">
      <Filter>Source Files</Filter>
    </ClCompile>
    <ClCompile Include="..\src\WarpPanel.cpp">
      <Filter>Source Files</Filter>
    </ClCompile>
    <ClCompile Include="..\src\LibraryPanel.cpp">
      <Filter>Source Files</Filter>
    </ClCompile>
    <ClCompile Include="..\..\..\blocks\Cinder-MeshHelper\src\MeshHelper.cpp">
      <Filter>Blocks\Cinder-MeshHelper</Filter>
    </ClCompile>
    <ClCompile Include="..\..\..\blocks\Cinder-Reymenta\src\SpoutWrapper.cpp">
      <Filter>Blocks\Reymenta\src</Filter>
    </ClCompile>
    <ClCompile Include="..\..\..\blocks\Cinder-Reymenta\src\WebSocketsWrapper.cpp">
      <Filter>Blocks\Reymenta\src</Filter>
    </ClCompile>
    <ClCompile Include="..\..\..\blocks\Cinder-WebSocketPP\src\WebSocketClient.cpp">
      <Filter>blocks\Cinder-WebSocketPP\Source Files</Filter>
    </ClCompile>
    <ClCompile Include="..\..\..\blocks\Cinder-WebSocketPP\src\WebSocketConnection.cpp">
      <Filter>blocks\Cinder-WebSocketPP\Source Files</Filter>
    </ClCompile>
    <ClCompile Include="..\..\..\blocks\Cinder-WebSocketPP\src\WebSocketServer.cpp">
      <Filter>blocks\Cinder-WebSocketPP\Source Files</Filter>
    </ClCompile>
    <ClCompile Include="..\..\..\blocks\Cinder-Reymenta\src\JSONWrapper.cpp">
      <Filter>Blocks\Reymenta\src</Filter>
    </ClCompile>
  </ItemGroup>
  <ItemGroup>
    <ClInclude Include="..\..\..\blocks\Cinder-MeshHelper\MeshHelper.h">
      <Filter>Blocks\Cinder-MeshHelper</Filter>
    </ClInclude>
    <ClInclude Include="..\include\Resources.h">
      <Filter>Header Files</Filter>
    </ClInclude>
    <ClInclude Include="..\include\ReymentaShadaMixaApp.h">
      <Filter>Header Files</Filter>
    </ClInclude>
    <ClInclude Include="..\include\ChannelsPanel.h">
      <Filter>Header Files</Filter>
    </ClInclude>
    <ClInclude Include="..\include\ui.h">
      <Filter>Header Files</Filter>
    </ClInclude>
    <ClInclude Include="..\include\WarpWrapper.h">
      <Filter>Header Files</Filter>
    </ClInclude>
    <ClInclude Include="..\include\Meshes.h">
      <Filter>Header Files</Filter>
    </ClInclude>
    <ClInclude Include="..\include\PointSphere.h">
      <Filter>Header Files</Filter>
    </ClInclude>
    <ClInclude Include="..\include\SlidersPanel.h">
      <Filter>Header Files</Filter>
    </ClInclude>
    <ClInclude Include="..\include\OutputPanel.h">
      <Filter>Header Files</Filter>
    </ClInclude>
    <ClInclude Include="..\include\WarpPanel.h">
      <Filter>Header Files</Filter>
    </ClInclude>
    <ClInclude Include="..\include\LibraryPanel.h">
      <Filter>Header Files</Filter>
    </ClInclude>
    <ClInclude Include="..\..\..\blocks\Cinder-MeshHelper\MeshHelper.cpp">
      <Filter>Source Files</Filter>
    </ClInclude>
    <ClInclude Include="..\..\..\blocks\Cinder-Reymenta\include\SpoutWrapper.h">
      <Filter>Blocks\Reymenta\include</Filter>
    </ClInclude>
  </ItemGroup>
  <ItemGroup>
    <ResourceCompile Include="Resources.rc">
      <Filter>Resource Files</Filter>
    </ResourceCompile>
  </ItemGroup>
</Project>